// !$*UTF8*$!
{
	archiveVersion = 1;
	classes = {
	};
	objectVersion = 56;
	objects = {

/* Begin PBXBuildFile section */
		E7DE5EA52999FDEB00D3026E /* ExtractorApp.swift in Sources */ = {isa = PBXBuildFile; fileRef = E7DE5EA42999FDEB00D3026E /* ExtractorApp.swift */; };
		E7DE5EA72999FDEB00D3026E /* Persistence.swift in Sources */ = {isa = PBXBuildFile; fileRef = E7DE5EA62999FDEB00D3026E /* Persistence.swift */; };
		E7DE5EAA2999FDEB00D3026E /* Extractor.xcdatamodeld in Sources */ = {isa = PBXBuildFile; fileRef = E7DE5EA82999FDEB00D3026E /* Extractor.xcdatamodeld */; };
		E7DE5EAC2999FDEB00D3026E /* ContentView.swift in Sources */ = {isa = PBXBuildFile; fileRef = E7DE5EAB2999FDEB00D3026E /* ContentView.swift */; };
		E7DE5EAE2999FDEC00D3026E /* Assets.xcassets in Resources */ = {isa = PBXBuildFile; fileRef = E7DE5EAD2999FDEC00D3026E /* Assets.xcassets */; };
		E7DE5EB22999FDEC00D3026E /* Preview Assets.xcassets in Resources */ = {isa = PBXBuildFile; fileRef = E7DE5EB12999FDEC00D3026E /* Preview Assets.xcassets */; };
		E7DE5EBC2999FDEC00D3026E /* ExtractorTests.swift in Sources */ = {isa = PBXBuildFile; fileRef = E7DE5EBB2999FDEC00D3026E /* ExtractorTests.swift */; };
		E7DE5EC62999FDEC00D3026E /* ExtractorUITests.swift in Sources */ = {isa = PBXBuildFile; fileRef = E7DE5EC52999FDEC00D3026E /* ExtractorUITests.swift */; };
		E7DE5EC82999FDEC00D3026E /* ExtractorUITestsLaunchTests.swift in Sources */ = {isa = PBXBuildFile; fileRef = E7DE5EC72999FDEC00D3026E /* ExtractorUITestsLaunchTests.swift */; };
/* End PBXBuildFile section */

/* Begin PBXContainerItemProxy section */
		E7DE5EB82999FDEC00D3026E /* PBXContainerItemProxy */ = {
			isa = PBXContainerItemProxy;
			containerPortal = E7DE5E992999FDEB00D3026E /* Project object */;
			proxyType = 1;
			remoteGlobalIDString = E7DE5EA02999FDEB00D3026E;
			remoteInfo = Extractor;
		};
		E7DE5EC22999FDEC00D3026E /* PBXContainerItemProxy */ = {
			isa = PBXContainerItemProxy;
			containerPortal = E7DE5E992999FDEB00D3026E /* Project object */;
			proxyType = 1;
			remoteGlobalIDString = E7DE5EA02999FDEB00D3026E;
			remoteInfo = Extractor;
		};
/* End PBXContainerItemProxy section */

/* Begin PBXFileReference section */
		E7DE5EA12999FDEB00D3026E /* Extractor.app */ = {isa = PBXFileReference; explicitFileType = wrapper.application; includeInIndex = 0; path = Extractor.app; sourceTree = BUILT_PRODUCTS_DIR; };
		E7DE5EA42999FDEB00D3026E /* ExtractorApp.swift */ = {isa = PBXFileReference; lastKnownFileType = sourcecode.swift; path = ExtractorApp.swift; sourceTree = "<group>"; };
		E7DE5EA62999FDEB00D3026E /* Persistence.swift */ = {isa = PBXFileReference; lastKnownFileType = sourcecode.swift; path = Persistence.swift; sourceTree = "<group>"; };
		E7DE5EA92999FDEB00D3026E /* Extractor.xcdatamodel */ = {isa = PBXFileReference; lastKnownFileType = wrapper.xcdatamodel; path = Extractor.xcdatamodel; sourceTree = "<group>"; };
		E7DE5EAB2999FDEB00D3026E /* ContentView.swift */ = {isa = PBXFileReference; lastKnownFileType = sourcecode.swift; path = ContentView.swift; sourceTree = "<group>"; };
		E7DE5EAD2999FDEC00D3026E /* Assets.xcassets */ = {isa = PBXFileReference; lastKnownFileType = folder.assetcatalog; path = Assets.xcassets; sourceTree = "<group>"; };
		E7DE5EAF2999FDEC00D3026E /* Extractor.entitlements */ = {isa = PBXFileReference; lastKnownFileType = text.plist.entitlements; path = Extractor.entitlements; sourceTree = "<group>"; };
		E7DE5EB12999FDEC00D3026E /* Preview Assets.xcassets */ = {isa = PBXFileReference; lastKnownFileType = folder.assetcatalog; path = "Preview Assets.xcassets"; sourceTree = "<group>"; };
		E7DE5EB72999FDEC00D3026E /* ExtractorTests.xctest */ = {isa = PBXFileReference; explicitFileType = wrapper.cfbundle; includeInIndex = 0; path = ExtractorTests.xctest; sourceTree = BUILT_PRODUCTS_DIR; };
		E7DE5EBB2999FDEC00D3026E /* ExtractorTests.swift */ = {isa = PBXFileReference; lastKnownFileType = sourcecode.swift; path = ExtractorTests.swift; sourceTree = "<group>"; };
		E7DE5EC12999FDEC00D3026E /* ExtractorUITests.xctest */ = {isa = PBXFileReference; explicitFileType = wrapper.cfbundle; includeInIndex = 0; path = ExtractorUITests.xctest; sourceTree = BUILT_PRODUCTS_DIR; };
		E7DE5EC52999FDEC00D3026E /* ExtractorUITests.swift */ = {isa = PBXFileReference; lastKnownFileType = sourcecode.swift; path = ExtractorUITests.swift; sourceTree = "<group>"; };
		E7DE5EC72999FDEC00D3026E /* ExtractorUITestsLaunchTests.swift */ = {isa = PBXFileReference; lastKnownFileType = sourcecode.swift; path = ExtractorUITestsLaunchTests.swift; sourceTree = "<group>"; };
/* End PBXFileReference section */

/* Begin PBXFrameworksBuildPhase section */
		E7DE5E9E2999FDEB00D3026E /* Frameworks */ = {
			isa = PBXFrameworksBuildPhase;
			buildActionMask = 2147483647;
			files = (
			);
			runOnlyForDeploymentPostprocessing = 0;
		};
		E7DE5EB42999FDEC00D3026E /* Frameworks */ = {
			isa = PBXFrameworksBuildPhase;
			buildActionMask = 2147483647;
			files = (
			);
			runOnlyForDeploymentPostprocessing = 0;
		};
		E7DE5EBE2999FDEC00D3026E /* Frameworks */ = {
			isa = PBXFrameworksBuildPhase;
			buildActionMask = 2147483647;
			files = (
			);
			runOnlyForDeploymentPostprocessing = 0;
		};
/* End PBXFrameworksBuildPhase section */

/* Begin PBXGroup section */
		E7DE5E982999FDEB00D3026E = {
			isa = PBXGroup;
			children = (
				E7DE5EA32999FDEB00D3026E /* Extractor */,
				E7DE5EBA2999FDEC00D3026E /* ExtractorTests */,
				E7DE5EC42999FDEC00D3026E /* ExtractorUITests */,
				E7DE5EA22999FDEB00D3026E /* Products */,
			);
			sourceTree = "<group>";
		};
		E7DE5EA22999FDEB00D3026E /* Products */ = {
			isa = PBXGroup;
			children = (
				E7DE5EA12999FDEB00D3026E /* Extractor.app */,
				E7DE5EB72999FDEC00D3026E /* ExtractorTests.xctest */,
				E7DE5EC12999FDEC00D3026E /* ExtractorUITests.xctest */,
			);
			name = Products;
			sourceTree = "<group>";
		};
		E7DE5EA32999FDEB00D3026E /* Extractor */ = {
			isa = PBXGroup;
			children = (
				E7DE5EA42999FDEB00D3026E /* ExtractorApp.swift */,
				E7DE5EA62999FDEB00D3026E /* Persistence.swift */,
				E7DE5EAB2999FDEB00D3026E /* ContentView.swift */,
				E7DE5EAD2999FDEC00D3026E /* Assets.xcassets */,
				E7DE5EAF2999FDEC00D3026E /* Extractor.entitlements */,
				E7DE5EA82999FDEB00D3026E /* Extractor.xcdatamodeld */,
				E7DE5EB02999FDEC00D3026E /* Preview Content */,
			);
			path = Extractor;
			sourceTree = "<group>";
		};
		E7DE5EB02999FDEC00D3026E /* Preview Content */ = {
			isa = PBXGroup;
			children = (
				E7DE5EB12999FDEC00D3026E /* Preview Assets.xcassets */,
			);
			path = "Preview Content";
			sourceTree = "<group>";
		};
		E7DE5EBA2999FDEC00D3026E /* ExtractorTests */ = {
			isa = PBXGroup;
			children = (
				E7DE5EBB2999FDEC00D3026E /* ExtractorTests.swift */,
			);
			path = ExtractorTests;
			sourceTree = "<group>";
		};
		E7DE5EC42999FDEC00D3026E /* ExtractorUITests */ = {
			isa = PBXGroup;
			children = (
				E7DE5EC52999FDEC00D3026E /* ExtractorUITests.swift */,
				E7DE5EC72999FDEC00D3026E /* ExtractorUITestsLaunchTests.swift */,
			);
			path = ExtractorUITests;
			sourceTree = "<group>";
		};
/* End PBXGroup section */

/* Begin PBXNativeTarget section */
		E7DE5EA02999FDEB00D3026E /* Extractor */ = {
			isa = PBXNativeTarget;
			buildConfigurationList = E7DE5ECB2999FDEC00D3026E /* Build configuration list for PBXNativeTarget "Extractor" */;
			buildPhases = (
				E7DE5E9D2999FDEB00D3026E /* Sources */,
				E7DE5E9E2999FDEB00D3026E /* Frameworks */,
				E7DE5E9F2999FDEB00D3026E /* Resources */,
			);
			buildRules = (
			);
			dependencies = (
			);
			name = Extractor;
			productName = Extractor;
			productReference = E7DE5EA12999FDEB00D3026E /* Extractor.app */;
			productType = "com.apple.product-type.application";
		};
		E7DE5EB62999FDEC00D3026E /* ExtractorTests */ = {
			isa = PBXNativeTarget;
			buildConfigurationList = E7DE5ECE2999FDEC00D3026E /* Build configuration list for PBXNativeTarget "ExtractorTests" */;
			buildPhases = (
				E7DE5EB32999FDEC00D3026E /* Sources */,
				E7DE5EB42999FDEC00D3026E /* Frameworks */,
				E7DE5EB52999FDEC00D3026E /* Resources */,
			);
			buildRules = (
			);
			dependencies = (
				E7DE5EB92999FDEC00D3026E /* PBXTargetDependency */,
			);
			name = ExtractorTests;
			productName = ExtractorTests;
			productReference = E7DE5EB72999FDEC00D3026E /* ExtractorTests.xctest */;
			productType = "com.apple.product-type.bundle.unit-test";
		};
		E7DE5EC02999FDEC00D3026E /* ExtractorUITests */ = {
			isa = PBXNativeTarget;
			buildConfigurationList = E7DE5ED12999FDEC00D3026E /* Build configuration list for PBXNativeTarget "ExtractorUITests" */;
			buildPhases = (
				E7DE5EBD2999FDEC00D3026E /* Sources */,
				E7DE5EBE2999FDEC00D3026E /* Frameworks */,
				E7DE5EBF2999FDEC00D3026E /* Resources */,
			);
			buildRules = (
			);
			dependencies = (
				E7DE5EC32999FDEC00D3026E /* PBXTargetDependency */,
			);
			name = ExtractorUITests;
			productName = ExtractorUITests;
			productReference = E7DE5EC12999FDEC00D3026E /* ExtractorUITests.xctest */;
			productType = "com.apple.product-type.bundle.ui-testing";
		};
/* End PBXNativeTarget section */

/* Begin PBXProject section */
		E7DE5E992999FDEB00D3026E /* Project object */ = {
			isa = PBXProject;
			attributes = {
				BuildIndependentTargetsInParallel = 1;
				LastSwiftUpdateCheck = 1420;
				LastUpgradeCheck = 1420;
				TargetAttributes = {
					E7DE5EA02999FDEB00D3026E = {
						CreatedOnToolsVersion = 14.2;
					};
					E7DE5EB62999FDEC00D3026E = {
						CreatedOnToolsVersion = 14.2;
						TestTargetID = E7DE5EA02999FDEB00D3026E;
					};
					E7DE5EC02999FDEC00D3026E = {
						CreatedOnToolsVersion = 14.2;
						TestTargetID = E7DE5EA02999FDEB00D3026E;
					};
				};
			};
			buildConfigurationList = E7DE5E9C2999FDEB00D3026E /* Build configuration list for PBXProject "Extractor" */;
			compatibilityVersion = "Xcode 14.0";
			developmentRegion = en;
			hasScannedForEncodings = 0;
			knownRegions = (
				en,
				Base,
			);
			mainGroup = E7DE5E982999FDEB00D3026E;
			productRefGroup = E7DE5EA22999FDEB00D3026E /* Products */;
			projectDirPath = "";
			projectRoot = "";
			targets = (
				E7DE5EA02999FDEB00D3026E /* Extractor */,
				E7DE5EB62999FDEC00D3026E /* ExtractorTests */,
				E7DE5EC02999FDEC00D3026E /* ExtractorUITests */,
			);
		};
/* End PBXProject section */

/* Begin PBXResourcesBuildPhase section */
		E7DE5E9F2999FDEB00D3026E /* Resources */ = {
			isa = PBXResourcesBuildPhase;
			buildActionMask = 2147483647;
			files = (
				E7DE5EB22999FDEC00D3026E /* Preview Assets.xcassets in Resources */,
				E7DE5EAE2999FDEC00D3026E /* Assets.xcassets in Resources */,
			);
			runOnlyForDeploymentPostprocessing = 0;
		};
		E7DE5EB52999FDEC00D3026E /* Resources */ = {
			isa = PBXResourcesBuildPhase;
			buildActionMask = 2147483647;
			files = (
			);
			runOnlyForDeploymentPostprocessing = 0;
		};
		E7DE5EBF2999FDEC00D3026E /* Resources */ = {
			isa = PBXResourcesBuildPhase;
			buildActionMask = 2147483647;
			files = (
			);
			runOnlyForDeploymentPostprocessing = 0;
		};
/* End PBXResourcesBuildPhase section */

/* Begin PBXSourcesBuildPhase section */
		E7DE5E9D2999FDEB00D3026E /* Sources */ = {
			isa = PBXSourcesBuildPhase;
			buildActionMask = 2147483647;
			files = (
				E7DE5EA52999FDEB00D3026E /* ExtractorApp.swift in Sources */,
				E7DE5EAA2999FDEB00D3026E /* Extractor.xcdatamodeld in Sources */,
				E7DE5EAC2999FDEB00D3026E /* ContentView.swift in Sources */,
				E7DE5EA72999FDEB00D3026E /* Persistence.swift in Sources */,
			);
			runOnlyForDeploymentPostprocessing = 0;
		};
		E7DE5EB32999FDEC00D3026E /* Sources */ = {
			isa = PBXSourcesBuildPhase;
			buildActionMask = 2147483647;
			files = (
				E7DE5EBC2999FDEC00D3026E /* ExtractorTests.swift in Sources */,
			);
			runOnlyForDeploymentPostprocessing = 0;
		};
		E7DE5EBD2999FDEC00D3026E /* Sources */ = {
			isa = PBXSourcesBuildPhase;
			buildActionMask = 2147483647;
			files = (
				E7DE5EC62999FDEC00D3026E /* ExtractorUITests.swift in Sources */,
				E7DE5EC82999FDEC00D3026E /* ExtractorUITestsLaunchTests.swift in Sources */,
			);
			runOnlyForDeploymentPostprocessing = 0;
		};
/* End PBXSourcesBuildPhase section */

/* Begin PBXTargetDependency section */
		E7DE5EB92999FDEC00D3026E /* PBXTargetDependency */ = {
			isa = PBXTargetDependency;
			target = E7DE5EA02999FDEB00D3026E /* Extractor */;
			targetProxy = E7DE5EB82999FDEC00D3026E /* PBXContainerItemProxy */;
		};
		E7DE5EC32999FDEC00D3026E /* PBXTargetDependency */ = {
			isa = PBXTargetDependency;
			target = E7DE5EA02999FDEB00D3026E /* Extractor */;
			targetProxy = E7DE5EC22999FDEC00D3026E /* PBXContainerItemProxy */;
		};
/* End PBXTargetDependency section */

/* Begin XCBuildConfiguration section */
		E7DE5EC92999FDEC00D3026E /* Debug */ = {
			isa = XCBuildConfiguration;
			buildSettings = {
				ALWAYS_SEARCH_USER_PATHS = NO;
				CLANG_ANALYZER_NONNULL = YES;
				CLANG_ANALYZER_NUMBER_OBJECT_CONVERSION = YES_AGGRESSIVE;
				CLANG_CXX_LANGUAGE_STANDARD = "gnu++20";
				CLANG_ENABLE_MODULES = YES;
				CLANG_ENABLE_OBJC_ARC = YES;
				CLANG_ENABLE_OBJC_WEAK = YES;
				CLANG_WARN_BLOCK_CAPTURE_AUTORELEASING = YES;
				CLANG_WARN_BOOL_CONVERSION = YES;
				CLANG_WARN_COMMA = YES;
				CLANG_WARN_CONSTANT_CONVERSION = YES;
				CLANG_WARN_DEPRECATED_OBJC_IMPLEMENTATIONS = YES;
				CLANG_WARN_DIRECT_OBJC_ISA_USAGE = YES_ERROR;
				CLANG_WARN_DOCUMENTATION_COMMENTS = YES;
				CLANG_WARN_EMPTY_BODY = YES;
				CLANG_WARN_ENUM_CONVERSION = YES;
				CLANG_WARN_INFINITE_RECURSION = YES;
				CLANG_WARN_INT_CONVERSION = YES;
				CLANG_WARN_NON_LITERAL_NULL_CONVERSION = YES;
				CLANG_WARN_OBJC_IMPLICIT_RETAIN_SELF = YES;
				CLANG_WARN_OBJC_LITERAL_CONVERSION = YES;
				CLANG_WARN_OBJC_ROOT_CLASS = YES_ERROR;
				CLANG_WARN_QUOTED_INCLUDE_IN_FRAMEWORK_HEADER = YES;
				CLANG_WARN_RANGE_LOOP_ANALYSIS = YES;
				CLANG_WARN_STRICT_PROTOTYPES = YES;
				CLANG_WARN_SUSPICIOUS_MOVE = YES;
				CLANG_WARN_UNGUARDED_AVAILABILITY = YES_AGGRESSIVE;
				CLANG_WARN_UNREACHABLE_CODE = YES;
				CLANG_WARN__DUPLICATE_METHOD_MATCH = YES;
				COPY_PHASE_STRIP = NO;
				DEBUG_INFORMATION_FORMAT = dwarf;
				ENABLE_STRICT_OBJC_MSGSEND = YES;
				ENABLE_TESTABILITY = YES;
				GCC_C_LANGUAGE_STANDARD = gnu11;
				GCC_DYNAMIC_NO_PIC = NO;
				GCC_NO_COMMON_BLOCKS = YES;
				GCC_OPTIMIZATION_LEVEL = 0;
				GCC_PREPROCESSOR_DEFINITIONS = (
					"DEBUG=1",
					"$(inherited)",
				);
				GCC_WARN_64_TO_32_BIT_CONVERSION = YES;
				GCC_WARN_ABOUT_RETURN_TYPE = YES_ERROR;
				GCC_WARN_UNDECLARED_SELECTOR = YES;
				GCC_WARN_UNINITIALIZED_AUTOS = YES_AGGRESSIVE;
				GCC_WARN_UNUSED_FUNCTION = YES;
				GCC_WARN_UNUSED_VARIABLE = YES;
				MTL_ENABLE_DEBUG_INFO = INCLUDE_SOURCE;
				MTL_FAST_MATH = YES;
				ONLY_ACTIVE_ARCH = YES;
				SWIFT_ACTIVE_COMPILATION_CONDITIONS = DEBUG;
				SWIFT_OPTIMIZATION_LEVEL = "-Onone";
			};
			name = Debug;
		};
		E7DE5ECA2999FDEC00D3026E /* Release */ = {
			isa = XCBuildConfiguration;
			buildSettings = {
				ALWAYS_SEARCH_USER_PATHS = NO;
				CLANG_ANALYZER_NONNULL = YES;
				CLANG_ANALYZER_NUMBER_OBJECT_CONVERSION = YES_AGGRESSIVE;
				CLANG_CXX_LANGUAGE_STANDARD = "gnu++20";
				CLANG_ENABLE_MODULES = YES;
				CLANG_ENABLE_OBJC_ARC = YES;
				CLANG_ENABLE_OBJC_WEAK = YES;
				CLANG_WARN_BLOCK_CAPTURE_AUTORELEASING = YES;
				CLANG_WARN_BOOL_CONVERSION = YES;
				CLANG_WARN_COMMA = YES;
				CLANG_WARN_CONSTANT_CONVERSION = YES;
				CLANG_WARN_DEPRECATED_OBJC_IMPLEMENTATIONS = YES;
				CLANG_WARN_DIRECT_OBJC_ISA_USAGE = YES_ERROR;
				CLANG_WARN_DOCUMENTATION_COMMENTS = YES;
				CLANG_WARN_EMPTY_BODY = YES;
				CLANG_WARN_ENUM_CONVERSION = YES;
				CLANG_WARN_INFINITE_RECURSION = YES;
				CLANG_WARN_INT_CONVERSION = YES;
				CLANG_WARN_NON_LITERAL_NULL_CONVERSION = YES;
				CLANG_WARN_OBJC_IMPLICIT_RETAIN_SELF = YES;
				CLANG_WARN_OBJC_LITERAL_CONVERSION = YES;
				CLANG_WARN_OBJC_ROOT_CLASS = YES_ERROR;
				CLANG_WARN_QUOTED_INCLUDE_IN_FRAMEWORK_HEADER = YES;
				CLANG_WARN_RANGE_LOOP_ANALYSIS = YES;
				CLANG_WARN_STRICT_PROTOTYPES = YES;
				CLANG_WARN_SUSPICIOUS_MOVE = YES;
				CLANG_WARN_UNGUARDED_AVAILABILITY = YES_AGGRESSIVE;
				CLANG_WARN_UNREACHABLE_CODE = YES;
				CLANG_WARN__DUPLICATE_METHOD_MATCH = YES;
				COPY_PHASE_STRIP = NO;
				DEBUG_INFORMATION_FORMAT = "dwarf-with-dsym";
				ENABLE_NS_ASSERTIONS = NO;
				ENABLE_STRICT_OBJC_MSGSEND = YES;
				GCC_C_LANGUAGE_STANDARD = gnu11;
				GCC_NO_COMMON_BLOCKS = YES;
				GCC_WARN_64_TO_32_BIT_CONVERSION = YES;
				GCC_WARN_ABOUT_RETURN_TYPE = YES_ERROR;
				GCC_WARN_UNDECLARED_SELECTOR = YES;
				GCC_WARN_UNINITIALIZED_AUTOS = YES_AGGRESSIVE;
				GCC_WARN_UNUSED_FUNCTION = YES;
				GCC_WARN_UNUSED_VARIABLE = YES;
				MTL_ENABLE_DEBUG_INFO = NO;
				MTL_FAST_MATH = YES;
				SWIFT_COMPILATION_MODE = wholemodule;
				SWIFT_OPTIMIZATION_LEVEL = "-O";
			};
			name = Release;
		};
		E7DE5ECC2999FDEC00D3026E /* Debug */ = {
			isa = XCBuildConfiguration;
			buildSettings = {
				ASSETCATALOG_COMPILER_APPICON_NAME = AppIcon;
				ASSETCATALOG_COMPILER_GLOBAL_ACCENT_COLOR_NAME = AccentColor;
				CODE_SIGN_ENTITLEMENTS = Extractor/Extractor.entitlements;
				CODE_SIGN_STYLE = Automatic;
				CURRENT_PROJECT_VERSION = 1;
				DEVELOPMENT_ASSET_PATHS = "\"Extractor/Preview Content\"";
				DEVELOPMENT_TEAM = 8WFQAVE7J3;
				ENABLE_HARDENED_RUNTIME = YES;
				ENABLE_PREVIEWS = YES;
				GENERATE_INFOPLIST_FILE = YES;
				"INFOPLIST_KEY_UIApplicationSceneManifest_Generation[sdk=iphoneos*]" = YES;
				"INFOPLIST_KEY_UIApplicationSceneManifest_Generation[sdk=iphonesimulator*]" = YES;
				"INFOPLIST_KEY_UIApplicationSupportsIndirectInputEvents[sdk=iphoneos*]" = YES;
				"INFOPLIST_KEY_UIApplicationSupportsIndirectInputEvents[sdk=iphonesimulator*]" = YES;
				"INFOPLIST_KEY_UILaunchScreen_Generation[sdk=iphoneos*]" = YES;
				"INFOPLIST_KEY_UILaunchScreen_Generation[sdk=iphonesimulator*]" = YES;
				"INFOPLIST_KEY_UIStatusBarStyle[sdk=iphoneos*]" = UIStatusBarStyleDefault;
				"INFOPLIST_KEY_UIStatusBarStyle[sdk=iphonesimulator*]" = UIStatusBarStyleDefault;
				INFOPLIST_KEY_UISupportedInterfaceOrientations_iPad = "UIInterfaceOrientationPortrait UIInterfaceOrientationPortraitUpsideDown UIInterfaceOrientationLandscapeLeft UIInterfaceOrientationLandscapeRight";
				INFOPLIST_KEY_UISupportedInterfaceOrientations_iPhone = "UIInterfaceOrientationPortrait UIInterfaceOrientationLandscapeLeft UIInterfaceOrientationLandscapeRight";
				IPHONEOS_DEPLOYMENT_TARGET = 16.2;
				LD_RUNPATH_SEARCH_PATHS = "@executable_path/Frameworks";
				"LD_RUNPATH_SEARCH_PATHS[sdk=macosx*]" = "@executable_path/../Frameworks";
				MACOSX_DEPLOYMENT_TARGET = 13.1;
				MARKETING_VERSION = 1.0;
				PRODUCT_BUNDLE_IDENTIFIER = com.kkwinds.Extractor;
				PRODUCT_NAME = "$(TARGET_NAME)";
				SDKROOT = auto;
				SUPPORTED_PLATFORMS = "iphoneos iphonesimulator macosx";
				SWIFT_EMIT_LOC_STRINGS = YES;
				SWIFT_VERSION = 5.0;
				TARGETED_DEVICE_FAMILY = "1,2";
			};
			name = Debug;
		};
		E7DE5ECD2999FDEC00D3026E /* Release */ = {
			isa = XCBuildConfiguration;
			buildSettings = {
				ASSETCATALOG_COMPILER_APPICON_NAME = AppIcon;
				ASSETCATALOG_COMPILER_GLOBAL_ACCENT_COLOR_NAME = AccentColor;
				CODE_SIGN_ENTITLEMENTS = Extractor/Extractor.entitlements;
				CODE_SIGN_STYLE = Automatic;
				CURRENT_PROJECT_VERSION = 1;
				DEVELOPMENT_ASSET_PATHS = "\"Extractor/Preview Content\"";
				DEVELOPMENT_TEAM = 8WFQAVE7J3;
				ENABLE_HARDENED_RUNTIME = YES;
				ENABLE_PREVIEWS = YES;
				GENERATE_INFOPLIST_FILE = YES;
				"INFOPLIST_KEY_UIApplicationSceneManifest_Generation[sdk=iphoneos*]" = YES;
				"INFOPLIST_KEY_UIApplicationSceneManifest_Generation[sdk=iphonesimulator*]" = YES;
				"INFOPLIST_KEY_UIApplicationSupportsIndirectInputEvents[sdk=iphoneos*]" = YES;
				"INFOPLIST_KEY_UIApplicationSupportsIndirectInputEvents[sdk=iphonesimulator*]" = YES;
				"INFOPLIST_KEY_UILaunchScreen_Generation[sdk=iphoneos*]" = YES;
				"INFOPLIST_KEY_UILaunchScreen_Generation[sdk=iphonesimulator*]" = YES;
				"INFOPLIST_KEY_UIStatusBarStyle[sdk=iphoneos*]" = UIStatusBarStyleDefault;
				"INFOPLIST_KEY_UIStatusBarStyle[sdk=iphonesimulator*]" = UIStatusBarStyleDefault;
				INFOPLIST_KEY_UISupportedInterfaceOrientations_iPad = "UIInterfaceOrientationPortrait UIInterfaceOrientationPortraitUpsideDown UIInterfaceOrientationLandscapeLeft UIInterfaceOrientationLandscapeRight";
				INFOPLIST_KEY_UISupportedInterfaceOrientations_iPhone = "UIInterfaceOrientationPortrait UIInterfaceOrientationLandscapeLeft UIInterfaceOrientationLandscapeRight";
				IPHONEOS_DEPLOYMENT_TARGET = 16.2;
				LD_RUNPATH_SEARCH_PATHS = "@executable_path/Frameworks";
				"LD_RUNPATH_SEARCH_PATHS[sdk=macosx*]" = "@executable_path/../Frameworks";
				MACOSX_DEPLOYMENT_TARGET = 13.1;
				MARKETING_VERSION = 1.0;
				PRODUCT_BUNDLE_IDENTIFIER = com.kkwinds.Extractor;
				PRODUCT_NAME = "$(TARGET_NAME)";
				SDKROOT = auto;
				SUPPORTED_PLATFORMS = "iphoneos iphonesimulator macosx";
				SWIFT_EMIT_LOC_STRINGS = YES;
				SWIFT_VERSION = 5.0;
				TARGETED_DEVICE_FAMILY = "1,2";
			};
			name = Release;
		};
		E7DE5ECF2999FDEC00D3026E /* Debug */ = {
			isa = XCBuildConfiguration;
			buildSettings = {
				ALWAYS_EMBED_SWIFT_STANDARD_LIBRARIES = YES;
				BUNDLE_LOADER = "$(TEST_HOST)";
				CODE_SIGN_STYLE = Automatic;
				CURRENT_PROJECT_VERSION = 1;
				DEVELOPMENT_TEAM = 8WFQAVE7J3;
				GENERATE_INFOPLIST_FILE = YES;
				IPHONEOS_DEPLOYMENT_TARGET = 16.2;
				MACOSX_DEPLOYMENT_TARGET = 13.1;
				MARKETING_VERSION = 1.0;
				PRODUCT_BUNDLE_IDENTIFIER = com.kkwinds.ExtractorTests;
				PRODUCT_NAME = "$(TARGET_NAME)";
				SDKROOT = auto;
				SUPPORTED_PLATFORMS = "iphoneos iphonesimulator macosx";
				SWIFT_EMIT_LOC_STRINGS = NO;
				SWIFT_VERSION = 5.0;
				TARGETED_DEVICE_FAMILY = "1,2";
				TEST_HOST = "$(BUILT_PRODUCTS_DIR)/Extractor.app/$(BUNDLE_EXECUTABLE_FOLDER_PATH)/Extractor";
			};
			name = Debug;
		};
		E7DE5ED02999FDEC00D3026E /* Release */ = {
			isa = XCBuildConfiguration;
			buildSettings = {
				ALWAYS_EMBED_SWIFT_STANDARD_LIBRARIES = YES;
				BUNDLE_LOADER = "$(TEST_HOST)";
				CODE_SIGN_STYLE = Automatic;
				CURRENT_PROJECT_VERSION = 1;
				DEVELOPMENT_TEAM = 8WFQAVE7J3;
				GENERATE_INFOPLIST_FILE = YES;
				IPHONEOS_DEPLOYMENT_TARGET = 16.2;
				MACOSX_DEPLOYMENT_TARGET = 13.1;
				MARKETING_VERSION = 1.0;
				PRODUCT_BUNDLE_IDENTIFIER = com.kkwinds.ExtractorTests;
				PRODUCT_NAME = "$(TARGET_NAME)";
				SDKROOT = auto;
				SUPPORTED_PLATFORMS = "iphoneos iphonesimulator macosx";
				SWIFT_EMIT_LOC_STRINGS = NO;
				SWIFT_VERSION = 5.0;
				TARGETED_DEVICE_FAMILY = "1,2";
				TEST_HOST = "$(BUILT_PRODUCTS_DIR)/Extractor.app/$(BUNDLE_EXECUTABLE_FOLDER_PATH)/Extractor";
			};
			name = Release;
		};
		E7DE5ED22999FDEC00D3026E /* Debug */ = {
			isa = XCBuildConfiguration;
			buildSettings = {
				ALWAYS_EMBED_SWIFT_STANDARD_LIBRARIES = YES;
				CODE_SIGN_STYLE = Automatic;
				CURRENT_PROJECT_VERSION = 1;
				DEVELOPMENT_TEAM = 8WFQAVE7J3;
				GENERATE_INFOPLIST_FILE = YES;
				IPHONEOS_DEPLOYMENT_TARGET = 16.2;
				MACOSX_DEPLOYMENT_TARGET = 13.1;
				MARKETING_VERSION = 1.0;
				PRODUCT_BUNDLE_IDENTIFIER = com.kkwinds.ExtractorUITests;
				PRODUCT_NAME = "$(TARGET_NAME)";
				SDKROOT = auto;
				SUPPORTED_PLATFORMS = "iphoneos iphonesimulator macosx";
				SWIFT_EMIT_LOC_STRINGS = NO;
				SWIFT_VERSION = 5.0;
				TARGETED_DEVICE_FAMILY = "1,2";
				TEST_TARGET_NAME = Extractor;
			};
			name = Debug;
		};
		E7DE5ED32999FDEC00D3026E /* Release */ = {
			isa = XCBuildConfiguration;
			buildSettings = {
				ALWAYS_EMBED_SWIFT_STANDARD_LIBRARIES = YES;
				CODE_SIGN_STYLE = Automatic;
				CURRENT_PROJECT_VERSION = 1;
				DEVELOPMENT_TEAM = 8WFQAVE7J3;
				GENERATE_INFOPLIST_FILE = YES;
				IPHONEOS_DEPLOYMENT_TARGET = 16.2;
				MACOSX_DEPLOYMENT_TARGET = 13.1;
				MARKETING_VERSION = 1.0;
				PRODUCT_BUNDLE_IDENTIFIER = com.kkwinds.ExtractorUITests;
				PRODUCT_NAME = "$(TARGET_NAME)";
				SDKROOT = auto;
				SUPPORTED_PLATFORMS = "iphoneos iphonesimulator macosx";
				SWIFT_EMIT_LOC_STRINGS = NO;
				SWIFT_VERSION = 5.0;
				TARGETED_DEVICE_FAMILY = "1,2";
				TEST_TARGET_NAME = Extractor;
			};
			name = Release;
		};
/* End XCBuildConfiguration section */

/* Begin XCConfigurationList section */
		E7DE5E9C2999FDEB00D3026E /* Build configuration list for PBXProject "Extractor" */ = {
			isa = XCConfigurationList;
			buildConfigurations = (
				E7DE5EC92999FDEC00D3026E /* Debug */,
				E7DE5ECA2999FDEC00D3026E /* Release */,
			);
			defaultConfigurationIsVisible = 0;
			defaultConfigurationName = Release;
		};
		E7DE5ECB2999FDEC00D3026E /* Build configuration list for PBXNativeTarget "Extractor" */ = {
			isa = XCConfigurationList;
			buildConfigurations = (
				E7DE5ECC2999FDEC00D3026E /* Debug */,
				E7DE5ECD2999FDEC00D3026E /* Release */,
			);
			defaultConfigurationIsVisible = 0;
			defaultConfigurationName = Release;
		};
		E7DE5ECE2999FDEC00D3026E /* Build configuration list for PBXNativeTarget "ExtractorTests" */ = {
			isa = XCConfigurationList;
			buildConfigurations = (
				E7DE5ECF2999FDEC00D3026E /* Debug */,
				E7DE5ED02999FDEC00D3026E /* Release */,
			);
			defaultConfigurationIsVisible = 0;
			defaultConfigurationName = Release;
		};
		E7DE5ED12999FDEC00D3026E /* Build configuration list for PBXNativeTarget "ExtractorUITests" */ = {
			isa = XCConfigurationList;
			buildConfigurations = (
				E7DE5ED22999FDEC00D3026E /* Debug */,
				E7DE5ED32999FDEC00D3026E /* Release */,
			);
			defaultConfigurationIsVisible = 0;
			defaultConfigurationName = Release;
		};
/* End XCConfigurationList section */

/* Begin XCVersionGroup section */
		E7DE5EA82999FDEB00D3026E /* Extractor.xcdatamodeld */ = {
			isa = XCVersionGroup;
			children = (
				E7DE5EA92999FDEB00D3026E /* Extractor.xcdatamodel */,
			);
			currentVersion = E7DE5EA92999FDEB00D3026E /* Extractor.xcdatamodel */;
			path = Extractor.xcdatamodeld;
			sourceTree = "<group>";
			versionGroupType = wrapper.xcdatamodel;
		};
/* End XCVersionGroup section */
	};
	rootObject = E7DE5E992999FDEB00D3026E /* Project object */;
}
